{
    "_readme": [
        "This file locks the dependencies of your project to a known state",
        "Read more about it at https://getcomposer.org/doc/01-basic-usage.md#installing-dependencies",
        "This file is @generated automatically"
    ],
    "content-hash": "d54a69d4de3d9e866d06685c71e52b8c",
    "packages": [
        {
            "name": "doctrine/annotations",
            "version": "v1.3.1",
            "source": {
                "type": "git",
                "url": "https://github.com/doctrine/annotations.git",
                "reference": "bd4461328621bde0ae6b1b2675fbc6aca4ceb558"
            },
            "dist": {
                "type": "zip",
                "url": "https://api.github.com/repos/doctrine/annotations/zipball/bd4461328621bde0ae6b1b2675fbc6aca4ceb558",
                "reference": "bd4461328621bde0ae6b1b2675fbc6aca4ceb558",
                "shasum": ""
            },
            "require": {
                "doctrine/lexer": "1.*",
                "php": "^5.6 || ^7.0"
            },
            "require-dev": {
                "doctrine/cache": "1.*",
                "phpunit/phpunit": "^5.6.1"
            },
            "type": "library",
            "extra": {
                "branch-alias": {
                    "dev-master": "1.4.x-dev"
                }
            },
            "autoload": {
                "psr-4": {
                    "Doctrine\\Common\\Annotations\\": "lib/Doctrine/Common/Annotations"
                }
            },
            "notification-url": "https://packagist.org/downloads/",
            "license": [
                "MIT"
            ],
            "authors": [
                {
                    "name": "Roman Borschel",
                    "email": "roman@code-factory.org"
                },
                {
                    "name": "Benjamin Eberlei",
                    "email": "kontakt@beberlei.de"
                },
                {
                    "name": "Guilherme Blanco",
                    "email": "guilhermeblanco@gmail.com"
                },
                {
                    "name": "Jonathan Wage",
                    "email": "jonwage@gmail.com"
                },
                {
                    "name": "Johannes Schmitt",
                    "email": "schmittjoh@gmail.com"
                }
            ],
            "description": "Docblock Annotations Parser",
            "homepage": "http://www.doctrine-project.org",
            "keywords": [
                "annotations",
                "docblock",
                "parser"
            ],
            "time": "2016-12-30T15:59:45+00:00"
        },
        {
            "name": "doctrine/cache",
            "version": "v1.6.1",
            "source": {
                "type": "git",
                "url": "https://github.com/doctrine/cache.git",
                "reference": "b6f544a20f4807e81f7044d31e679ccbb1866dc3"
            },
            "dist": {
                "type": "zip",
                "url": "https://api.github.com/repos/doctrine/cache/zipball/b6f544a20f4807e81f7044d31e679ccbb1866dc3",
                "reference": "b6f544a20f4807e81f7044d31e679ccbb1866dc3",
                "shasum": ""
            },
            "require": {
                "php": "~5.5|~7.0"
            },
            "conflict": {
                "doctrine/common": ">2.2,<2.4"
            },
            "require-dev": {
                "phpunit/phpunit": "~4.8|~5.0",
                "predis/predis": "~1.0",
                "satooshi/php-coveralls": "~0.6"
            },
            "type": "library",
            "extra": {
                "branch-alias": {
                    "dev-master": "1.6.x-dev"
                }
            },
            "autoload": {
                "psr-4": {
                    "Doctrine\\Common\\Cache\\": "lib/Doctrine/Common/Cache"
                }
            },
            "notification-url": "https://packagist.org/downloads/",
            "license": [
                "MIT"
            ],
            "authors": [
                {
                    "name": "Roman Borschel",
                    "email": "roman@code-factory.org"
                },
                {
                    "name": "Benjamin Eberlei",
                    "email": "kontakt@beberlei.de"
                },
                {
                    "name": "Guilherme Blanco",
                    "email": "guilhermeblanco@gmail.com"
                },
                {
                    "name": "Jonathan Wage",
                    "email": "jonwage@gmail.com"
                },
                {
                    "name": "Johannes Schmitt",
                    "email": "schmittjoh@gmail.com"
                }
            ],
            "description": "Caching library offering an object-oriented API for many cache backends",
            "homepage": "http://www.doctrine-project.org",
            "keywords": [
                "cache",
                "caching"
            ],
            "time": "2016-10-29T11:16:17+00:00"
        },
        {
            "name": "doctrine/collections",
            "version": "v1.3.0",
            "source": {
                "type": "git",
                "url": "https://github.com/doctrine/collections.git",
                "reference": "6c1e4eef75f310ea1b3e30945e9f06e652128b8a"
            },
            "dist": {
                "type": "zip",
                "url": "https://api.github.com/repos/doctrine/collections/zipball/6c1e4eef75f310ea1b3e30945e9f06e652128b8a",
                "reference": "6c1e4eef75f310ea1b3e30945e9f06e652128b8a",
                "shasum": ""
            },
            "require": {
                "php": ">=5.3.2"
            },
            "require-dev": {
                "phpunit/phpunit": "~4.0"
            },
            "type": "library",
            "extra": {
                "branch-alias": {
                    "dev-master": "1.2.x-dev"
                }
            },
            "autoload": {
                "psr-0": {
                    "Doctrine\\Common\\Collections\\": "lib/"
                }
            },
            "notification-url": "https://packagist.org/downloads/",
            "license": [
                "MIT"
            ],
            "authors": [
                {
                    "name": "Roman Borschel",
                    "email": "roman@code-factory.org"
                },
                {
                    "name": "Benjamin Eberlei",
                    "email": "kontakt@beberlei.de"
                },
                {
                    "name": "Guilherme Blanco",
                    "email": "guilhermeblanco@gmail.com"
                },
                {
                    "name": "Jonathan Wage",
                    "email": "jonwage@gmail.com"
                },
                {
                    "name": "Johannes Schmitt",
                    "email": "schmittjoh@gmail.com"
                }
            ],
            "description": "Collections Abstraction library",
            "homepage": "http://www.doctrine-project.org",
            "keywords": [
                "array",
                "collections",
                "iterator"
            ],
            "time": "2015-04-14T22:21:58+00:00"
        },
        {
            "name": "doctrine/common",
            "version": "v2.6.2",
            "source": {
                "type": "git",
                "url": "https://github.com/doctrine/common.git",
                "reference": "7bce00698899aa2c06fe7365c76e4d78ddb15fa3"
            },
            "dist": {
                "type": "zip",
                "url": "https://api.github.com/repos/doctrine/common/zipball/7bce00698899aa2c06fe7365c76e4d78ddb15fa3",
                "reference": "7bce00698899aa2c06fe7365c76e4d78ddb15fa3",
                "shasum": ""
            },
            "require": {
                "doctrine/annotations": "1.*",
                "doctrine/cache": "1.*",
                "doctrine/collections": "1.*",
                "doctrine/inflector": "1.*",
                "doctrine/lexer": "1.*",
                "php": "~5.5|~7.0"
            },
            "require-dev": {
                "phpunit/phpunit": "~4.8|~5.0"
            },
            "type": "library",
            "extra": {
                "branch-alias": {
                    "dev-master": "2.7.x-dev"
                }
            },
            "autoload": {
                "psr-4": {
                    "Doctrine\\Common\\": "lib/Doctrine/Common"
                }
            },
            "notification-url": "https://packagist.org/downloads/",
            "license": [
                "MIT"
            ],
            "authors": [
                {
                    "name": "Roman Borschel",
                    "email": "roman@code-factory.org"
                },
                {
                    "name": "Benjamin Eberlei",
                    "email": "kontakt@beberlei.de"
                },
                {
                    "name": "Guilherme Blanco",
                    "email": "guilhermeblanco@gmail.com"
                },
                {
                    "name": "Jonathan Wage",
                    "email": "jonwage@gmail.com"
                },
                {
                    "name": "Johannes Schmitt",
                    "email": "schmittjoh@gmail.com"
                }
            ],
            "description": "Common Library for Doctrine projects",
            "homepage": "http://www.doctrine-project.org",
            "keywords": [
                "annotations",
                "collections",
                "eventmanager",
                "persistence",
                "spl"
            ],
            "time": "2016-11-30T16:50:46+00:00"
        },
        {
            "name": "doctrine/dbal",
            "version": "v2.5.5",
            "source": {
                "type": "git",
                "url": "https://github.com/doctrine/dbal.git",
                "reference": "9f8c05cd5225a320d56d4bfdb4772f10d045a0c9"
            },
            "dist": {
                "type": "zip",
                "url": "https://api.github.com/repos/doctrine/dbal/zipball/9f8c05cd5225a320d56d4bfdb4772f10d045a0c9",
                "reference": "9f8c05cd5225a320d56d4bfdb4772f10d045a0c9",
                "shasum": ""
            },
            "require": {
                "doctrine/common": ">=2.4,<2.7-dev",
                "php": ">=5.3.2"
            },
            "require-dev": {
                "phpunit/phpunit": "4.*",
                "symfony/console": "2.*||^3.0"
            },
            "suggest": {
                "symfony/console": "For helpful console commands such as SQL execution and import of files."
            },
            "bin": [
                "bin/doctrine-dbal"
            ],
            "type": "library",
            "extra": {
                "branch-alias": {
                    "dev-master": "2.5.x-dev"
                }
            },
            "autoload": {
                "psr-0": {
                    "Doctrine\\DBAL\\": "lib/"
                }
            },
            "notification-url": "https://packagist.org/downloads/",
            "license": [
                "MIT"
            ],
            "authors": [
                {
                    "name": "Roman Borschel",
                    "email": "roman@code-factory.org"
                },
                {
                    "name": "Benjamin Eberlei",
                    "email": "kontakt@beberlei.de"
                },
                {
                    "name": "Guilherme Blanco",
                    "email": "guilhermeblanco@gmail.com"
                },
                {
                    "name": "Jonathan Wage",
                    "email": "jonwage@gmail.com"
                }
            ],
            "description": "Database Abstraction Layer",
            "homepage": "http://www.doctrine-project.org",
            "keywords": [
                "database",
                "dbal",
                "persistence",
                "queryobject"
            ],
            "time": "2016-09-09T19:13:33+00:00"
        },
        {
            "name": "doctrine/inflector",
            "version": "v1.1.0",
            "source": {
                "type": "git",
                "url": "https://github.com/doctrine/inflector.git",
                "reference": "90b2128806bfde671b6952ab8bea493942c1fdae"
            },
            "dist": {
                "type": "zip",
                "url": "https://api.github.com/repos/doctrine/inflector/zipball/90b2128806bfde671b6952ab8bea493942c1fdae",
                "reference": "90b2128806bfde671b6952ab8bea493942c1fdae",
                "shasum": ""
            },
            "require": {
                "php": ">=5.3.2"
            },
            "require-dev": {
                "phpunit/phpunit": "4.*"
            },
            "type": "library",
            "extra": {
                "branch-alias": {
                    "dev-master": "1.1.x-dev"
                }
            },
            "autoload": {
                "psr-0": {
                    "Doctrine\\Common\\Inflector\\": "lib/"
                }
            },
            "notification-url": "https://packagist.org/downloads/",
            "license": [
                "MIT"
            ],
            "authors": [
                {
                    "name": "Roman Borschel",
                    "email": "roman@code-factory.org"
                },
                {
                    "name": "Benjamin Eberlei",
                    "email": "kontakt@beberlei.de"
                },
                {
                    "name": "Guilherme Blanco",
                    "email": "guilhermeblanco@gmail.com"
                },
                {
                    "name": "Jonathan Wage",
                    "email": "jonwage@gmail.com"
                },
                {
                    "name": "Johannes Schmitt",
                    "email": "schmittjoh@gmail.com"
                }
            ],
            "description": "Common String Manipulations with regard to casing and singular/plural rules.",
            "homepage": "http://www.doctrine-project.org",
            "keywords": [
                "inflection",
                "pluralize",
                "singularize",
                "string"
            ],
            "time": "2015-11-06T14:35:42+00:00"
        },
        {
            "name": "doctrine/lexer",
            "version": "v1.0.1",
            "source": {
                "type": "git",
                "url": "https://github.com/doctrine/lexer.git",
                "reference": "83893c552fd2045dd78aef794c31e694c37c0b8c"
            },
            "dist": {
                "type": "zip",
                "url": "https://api.github.com/repos/doctrine/lexer/zipball/83893c552fd2045dd78aef794c31e694c37c0b8c",
                "reference": "83893c552fd2045dd78aef794c31e694c37c0b8c",
                "shasum": ""
            },
            "require": {
                "php": ">=5.3.2"
            },
            "type": "library",
            "extra": {
                "branch-alias": {
                    "dev-master": "1.0.x-dev"
                }
            },
            "autoload": {
                "psr-0": {
                    "Doctrine\\Common\\Lexer\\": "lib/"
                }
            },
            "notification-url": "https://packagist.org/downloads/",
            "license": [
                "MIT"
            ],
            "authors": [
                {
                    "name": "Roman Borschel",
                    "email": "roman@code-factory.org"
                },
                {
                    "name": "Guilherme Blanco",
                    "email": "guilhermeblanco@gmail.com"
                },
                {
                    "name": "Johannes Schmitt",
                    "email": "schmittjoh@gmail.com"
                }
            ],
            "description": "Base library for a lexer that can be used in Top-Down, Recursive Descent Parsers.",
            "homepage": "http://www.doctrine-project.org",
            "keywords": [
                "lexer",
                "parser"
            ],
            "time": "2014-09-09T13:34:57+00:00"
        },
        {
            "name": "firebase/php-jwt",
            "version": "v6.0.0",
            "source": {
                "type": "git",
                "url": "https://github.com/firebase/php-jwt.git",
                "reference": "0541cba75ab108ef901985e68055a92646c73534"
            },
            "dist": {
                "type": "zip",
                "url": "https://api.github.com/repos/firebase/php-jwt/zipball/0541cba75ab108ef901985e68055a92646c73534",
                "reference": "0541cba75ab108ef901985e68055a92646c73534",
                "shasum": ""
            },
            "require": {
                "php": ">=5.3.0"
            },
            "require-dev": {
                "phpunit/phpunit": ">=4.8 <=9"
            },
            "suggest": {
                "paragonie/sodium_compat": "Support EdDSA (Ed25519) signatures when libsodium is not present"
            },
            "type": "library",
            "autoload": {
                "psr-4": {
                    "Firebase\\JWT\\": "src"
                }
            },
            "notification-url": "https://packagist.org/downloads/",
            "license": [
                "BSD-3-Clause"
            ],
            "authors": [
                {
                    "name": "Neuman Vong",
                    "email": "neuman+pear@twilio.com",
                    "role": "Developer"
                },
                {
                    "name": "Anant Narayanan",
                    "email": "anant@php.net",
                    "role": "Developer"
                }
            ],
            "description": "A simple library to encode and decode JSON Web Tokens (JWT) in PHP. Should conform to the current spec.",
            "homepage": "https://github.com/firebase/php-jwt",
            "keywords": [
                "jwt",
                "php"
            ],
            "support": {
                "issues": "https://github.com/firebase/php-jwt/issues",
                "source": "https://github.com/firebase/php-jwt/tree/v6.0.0"
            },
            "time": "2022-01-24T15:18:34+00:00"
        },
        {
            "name": "fzaninotto/faker",
            "version": "v1.6.0",
            "source": {
                "type": "git",
                "url": "https://github.com/fzaninotto/Faker.git",
                "reference": "44f9a286a04b80c76a4e5fb7aad8bb539b920123"
            },
            "dist": {
                "type": "zip",
                "url": "https://api.github.com/repos/fzaninotto/Faker/zipball/44f9a286a04b80c76a4e5fb7aad8bb539b920123",
                "reference": "44f9a286a04b80c76a4e5fb7aad8bb539b920123",
                "shasum": ""
            },
            "require": {
                "php": "^5.3.3|^7.0"
            },
            "require-dev": {
                "ext-intl": "*",
                "phpunit/phpunit": "~4.0",
                "squizlabs/php_codesniffer": "~1.5"
            },
            "type": "library",
            "extra": {
                "branch-alias": []
            },
            "autoload": {
                "psr-4": {
                    "Faker\\": "src/Faker/"
                }
            },
            "notification-url": "https://packagist.org/downloads/",
            "license": [
                "MIT"
            ],
            "authors": [
                {
                    "name": "François Zaninotto"
                }
            ],
            "description": "Faker is a PHP library that generates fake data for you.",
            "keywords": [
                "data",
                "faker",
                "fixtures"
            ],
            "time": "2016-04-29T12:21:54+00:00"
        },
        {
            "name": "illuminate/container",
            "version": "v5.3.23",
            "source": {
                "type": "git",
                "url": "https://github.com/illuminate/container.git",
                "reference": "8047b47e1f731c975d9aa0fe0b269064d3f1346d"
            },
            "dist": {
                "type": "zip",
                "url": "https://api.github.com/repos/illuminate/container/zipball/8047b47e1f731c975d9aa0fe0b269064d3f1346d",
                "reference": "8047b47e1f731c975d9aa0fe0b269064d3f1346d",
                "shasum": ""
            },
            "require": {
                "illuminate/contracts": "5.3.*",
                "php": ">=5.6.4"
            },
            "type": "library",
            "extra": {
                "branch-alias": {
                    "dev-master": "5.3-dev"
                }
            },
            "autoload": {
                "psr-4": {
                    "Illuminate\\Container\\": ""
                }
            },
            "notification-url": "https://packagist.org/downloads/",
            "license": [
                "MIT"
            ],
            "authors": [
                {
                    "name": "Taylor Otwell",
                    "email": "taylor@laravel.com"
                }
            ],
            "description": "The Illuminate Container package.",
            "homepage": "https://laravel.com",
            "time": "2016-10-02T01:14:30+00:00"
        },
        {
            "name": "illuminate/contracts",
            "version": "v5.3.23",
            "source": {
                "type": "git",
                "url": "https://github.com/illuminate/contracts.git",
                "reference": "ce5d73c6015b2054d32f3f8530767847b358ae4e"
            },
            "dist": {
                "type": "zip",
                "url": "https://api.github.com/repos/illuminate/contracts/zipball/ce5d73c6015b2054d32f3f8530767847b358ae4e",
                "reference": "ce5d73c6015b2054d32f3f8530767847b358ae4e",
                "shasum": ""
            },
            "require": {
                "php": ">=5.6.4"
            },
            "type": "library",
            "extra": {
                "branch-alias": {
                    "dev-master": "5.3-dev"
                }
            },
            "autoload": {
                "psr-4": {
                    "Illuminate\\Contracts\\": ""
                }
            },
            "notification-url": "https://packagist.org/downloads/",
            "license": [
                "MIT"
            ],
            "authors": [
                {
                    "name": "Taylor Otwell",
                    "email": "taylor@laravel.com"
                }
            ],
            "description": "The Illuminate Contracts package.",
            "homepage": "https://laravel.com",
            "time": "2016-09-26T20:36:27+00:00"
        },
        {
            "name": "illuminate/database",
            "version": "v5.3.23",
            "source": {
                "type": "git",
                "url": "https://github.com/illuminate/database.git",
                "reference": "8db1197b3d3e8a7393153643774d2924cdc6d906"
            },
            "dist": {
                "type": "zip",
                "url": "https://api.github.com/repos/illuminate/database/zipball/8db1197b3d3e8a7393153643774d2924cdc6d906",
                "reference": "8db1197b3d3e8a7393153643774d2924cdc6d906",
                "shasum": ""
            },
            "require": {
                "illuminate/container": "5.3.*",
                "illuminate/contracts": "5.3.*",
                "illuminate/support": "5.3.*",
                "nesbot/carbon": "~1.20",
                "php": ">=5.6.4"
            },
            "suggest": {
                "doctrine/dbal": "Required to rename columns and drop SQLite columns (~2.4).",
                "fzaninotto/faker": "Required to use the eloquent factory builder (~1.4).",
                "illuminate/console": "Required to use the database commands (5.3.*).",
                "illuminate/events": "Required to use the observers with Eloquent (5.3.*).",
                "illuminate/filesystem": "Required to use the migrations (5.3.*).",
                "illuminate/pagination": "Required to paginate the result set (5.3.*)."
            },
            "type": "library",
            "extra": {
                "branch-alias": {
                    "dev-master": "5.3-dev"
                }
            },
            "autoload": {
                "psr-4": {
                    "Illuminate\\Database\\": ""
                }
            },
            "notification-url": "https://packagist.org/downloads/",
            "license": [
                "MIT"
            ],
            "authors": [
                {
                    "name": "Taylor Otwell",
                    "email": "taylor@laravel.com"
                }
            ],
            "description": "The Illuminate Database package.",
            "homepage": "https://laravel.com",
            "keywords": [
                "database",
                "laravel",
                "orm",
                "sql"
            ],
            "time": "2016-11-14T15:37:58+00:00"
        },
        {
            "name": "illuminate/mail",
            "version": "v5.3.23",
            "source": {
                "type": "git",
                "url": "https://github.com/illuminate/mail.git",
                "reference": "c662dd9472e06f7d8bff37b0a8d55acd6fbab838"
            },
            "dist": {
                "type": "zip",
                "url": "https://api.github.com/repos/illuminate/mail/zipball/c662dd9472e06f7d8bff37b0a8d55acd6fbab838",
                "reference": "c662dd9472e06f7d8bff37b0a8d55acd6fbab838",
                "shasum": ""
            },
            "require": {
                "illuminate/container": "5.3.*",
                "illuminate/contracts": "5.3.*",
                "illuminate/support": "5.3.*",
                "php": ">=5.6.4",
                "psr/log": "~1.0",
                "swiftmailer/swiftmailer": "~5.1"
            },
            "suggest": {
                "aws/aws-sdk-php": "Required to use the SES mail driver (~3.0).",
                "guzzlehttp/guzzle": "Required to use the Mailgun and Mandrill mail drivers (~5.3|~6.0).",
                "jeremeamia/superclosure": "Required to be able to serialize closures (~2.0)."
            },
            "type": "library",
            "extra": {
                "branch-alias": {
                    "dev-master": "5.3-dev"
                }
            },
            "autoload": {
                "psr-4": {
                    "Illuminate\\Mail\\": ""
                }
            },
            "notification-url": "https://packagist.org/downloads/",
            "license": [
                "MIT"
            ],
            "authors": [
                {
                    "name": "Taylor Otwell",
                    "email": "taylor@laravel.com"
                }
            ],
            "description": "The Illuminate Mail package.",
            "homepage": "https://laravel.com",
            "time": "2016-11-11T19:16:01+00:00"
        },
        {
            "name": "illuminate/support",
            "version": "v5.3.23",
            "source": {
                "type": "git",
                "url": "https://github.com/illuminate/support.git",
                "reference": "050d0ed3e1c0e1d129d73b2eaa14044e46a66f77"
            },
            "dist": {
                "type": "zip",
                "url": "https://api.github.com/repos/illuminate/support/zipball/050d0ed3e1c0e1d129d73b2eaa14044e46a66f77",
                "reference": "050d0ed3e1c0e1d129d73b2eaa14044e46a66f77",
                "shasum": ""
            },
            "require": {
                "doctrine/inflector": "~1.0",
                "ext-mbstring": "*",
                "illuminate/contracts": "5.3.*",
                "paragonie/random_compat": "~1.4|~2.0",
                "php": ">=5.6.4"
            },
            "replace": {
                "tightenco/collect": "self.version"
            },
            "suggest": {
                "illuminate/filesystem": "Required to use the composer class (5.2.*).",
                "symfony/process": "Required to use the composer class (3.1.*).",
                "symfony/var-dumper": "Required to use the dd function (3.1.*)."
            },
            "type": "library",
            "extra": {
                "branch-alias": {
                    "dev-master": "5.3-dev"
                }
            },
            "autoload": {
                "psr-4": {
                    "Illuminate\\Support\\": ""
                },
                "files": [
                    "helpers.php"
                ]
            },
            "notification-url": "https://packagist.org/downloads/",
            "license": [
                "MIT"
            ],
            "authors": [
                {
                    "name": "Taylor Otwell",
                    "email": "taylor@laravel.com"
                }
            ],
            "description": "The Illuminate Support package.",
            "homepage": "https://laravel.com",
            "time": "2016-11-03T15:25:28+00:00"
        },
        {
            "name": "lcobucci/jwt",
            "version": "3.2.1",
            "source": {
                "type": "git",
                "url": "https://github.com/lcobucci/jwt.git",
                "reference": "ddce703826f9c5229781933b1a39069e38e6a0f3"
            },
            "dist": {
                "type": "zip",
                "url": "https://api.github.com/repos/lcobucci/jwt/zipball/ddce703826f9c5229781933b1a39069e38e6a0f3",
                "reference": "ddce703826f9c5229781933b1a39069e38e6a0f3",
                "shasum": ""
            },
            "require": {
                "ext-openssl": "*",
                "php": ">=5.5"
            },
            "require-dev": {
                "mdanter/ecc": "~0.3.1",
                "mikey179/vfsstream": "~1.5",
                "phpmd/phpmd": "~2.2",
                "phpunit/php-invoker": "~1.1",
                "phpunit/phpunit": "~4.5",
                "squizlabs/php_codesniffer": "~2.3"
            },
            "suggest": {
                "mdanter/ecc": "Required to use Elliptic Curves based algorithms."
            },
            "type": "library",
            "extra": {
                "branch-alias": {
                    "dev-master": "3.1-dev"
                }
            },
            "autoload": {
                "psr-4": {
                    "Lcobucci\\JWT\\": "src"
                }
            },
            "notification-url": "https://packagist.org/downloads/",
            "license": [
                "BSD-3-Clause"
            ],
            "authors": [
                {
                    "name": "Luís Otávio Cobucci Oblonczyk",
                    "email": "lcobucci@gmail.com",
                    "role": "Developer"
                }
            ],
            "description": "A simple library to work with JSON Web Token and JSON Web Signature",
            "keywords": [
                "JWS",
                "jwt"
            ],
            "time": "2016-10-31T20:09:32+00:00"
        },
        {
            "name": "nesbot/carbon",
            "version": "1.21.0",
            "source": {
                "type": "git",
                "url": "https://github.com/briannesbitt/Carbon.git",
                "reference": "7b08ec6f75791e130012f206e3f7b0e76e18e3d7"
            },
            "dist": {
                "type": "zip",
                "url": "https://api.github.com/repos/briannesbitt/Carbon/zipball/7b08ec6f75791e130012f206e3f7b0e76e18e3d7",
                "reference": "7b08ec6f75791e130012f206e3f7b0e76e18e3d7",
                "shasum": ""
            },
            "require": {
                "php": ">=5.3.0",
                "symfony/translation": "~2.6|~3.0"
            },
            "require-dev": {
                "phpunit/phpunit": "~4.0|~5.0"
            },
            "type": "library",
            "autoload": {
                "psr-4": {
                    "Carbon\\": "src/Carbon/"
                }
            },
            "notification-url": "https://packagist.org/downloads/",
            "license": [
                "MIT"
            ],
            "authors": [
                {
                    "name": "Brian Nesbitt",
                    "email": "brian@nesbot.com",
                    "homepage": "http://nesbot.com"
                }
            ],
            "description": "A simple API extension for DateTime.",
            "homepage": "http://carbon.nesbot.com",
            "keywords": [
                "date",
                "datetime",
                "time"
            ],
            "time": "2015-11-04T20:07:17+00:00"
        },
        {
            "name": "paragonie/random_compat",
            "version": "v2.0.4",
            "source": {
                "type": "git",
                "url": "https://github.com/paragonie/random_compat.git",
                "reference": "a9b97968bcde1c4de2a5ec6cbd06a0f6c919b46e"
            },
            "dist": {
                "type": "zip",
                "url": "https://api.github.com/repos/paragonie/random_compat/zipball/a9b97968bcde1c4de2a5ec6cbd06a0f6c919b46e",
                "reference": "a9b97968bcde1c4de2a5ec6cbd06a0f6c919b46e",
                "shasum": ""
            },
            "require": {
                "php": ">=5.2.0"
            },
            "require-dev": {
                "phpunit/phpunit": "4.*|5.*"
            },
            "suggest": {
                "ext-libsodium": "Provides a modern crypto API that can be used to generate random bytes."
            },
            "type": "library",
            "autoload": {
                "files": [
                    "lib/random.php"
                ]
            },
            "notification-url": "https://packagist.org/downloads/",
            "license": [
                "MIT"
            ],
            "authors": [
                {
                    "name": "Paragon Initiative Enterprises",
                    "email": "security@paragonie.com",
                    "homepage": "https://paragonie.com"
                }
            ],
            "description": "PHP 5.x polyfill for random_bytes() and random_int() from PHP 7",
            "keywords": [
                "csprng",
                "pseudorandom",
                "random"
            ],
            "time": "2016-11-07T23:38:38+00:00"
        },
        {
            "name": "php-amqplib/php-amqplib",
            "version": "v2.6.3",
            "source": {
                "type": "git",
                "url": "https://github.com/php-amqplib/php-amqplib.git",
                "reference": "fa2f0d4410a11008cb36b379177291be7ee9e4f6"
            },
            "dist": {
                "type": "zip",
                "url": "https://api.github.com/repos/php-amqplib/php-amqplib/zipball/fa2f0d4410a11008cb36b379177291be7ee9e4f6",
                "reference": "fa2f0d4410a11008cb36b379177291be7ee9e4f6",
                "shasum": ""
            },
            "require": {
                "ext-bcmath": "*",
                "ext-mbstring": "*",
                "php": ">=5.3.0"
            },
            "replace": {
                "videlalvaro/php-amqplib": "self.version"
            },
            "require-dev": {
                "phpunit/phpunit": "^4.8",
                "scrutinizer/ocular": "^1.1",
                "squizlabs/php_codesniffer": "^2.5"
            },
            "suggest": {
                "ext-sockets": "Use AMQPSocketConnection"
            },
            "type": "library",
            "extra": {
                "branch-alias": {
                    "dev-master": "2.7-dev"
                }
            },
            "autoload": {
                "psr-4": {
                    "PhpAmqpLib\\": "PhpAmqpLib/"
                }
            },
            "notification-url": "https://packagist.org/downloads/",
            "license": [
                "LGPL-2.1"
            ],
            "authors": [
                {
                    "name": "Alvaro Videla",
                    "role": "Original Maintainer"
                },
                {
                    "name": "John Kelly",
                    "email": "johnmkelly86@gmail.com",
                    "role": "Maintainer"
                },
                {
                    "name": "Raúl Araya",
                    "email": "nubeiro@gmail.com",
                    "role": "Maintainer"
                }
            ],
            "description": "Formerly videlalvaro/php-amqplib.  This library is a pure PHP implementation of the AMQP protocol. It's been tested against RabbitMQ.",
            "homepage": "https://github.com/php-amqplib/php-amqplib/",
            "keywords": [
                "message",
                "queue",
                "rabbitmq"
            ],
            "time": "2016-04-11T14:30:01+00:00"
        },
        {
            "name": "psr/log",
            "version": "1.0.2",
            "source": {
                "type": "git",
                "url": "https://github.com/php-fig/log.git",
                "reference": "4ebe3a8bf773a19edfe0a84b6585ba3d401b724d"
            },
            "dist": {
                "type": "zip",
                "url": "https://api.github.com/repos/php-fig/log/zipball/4ebe3a8bf773a19edfe0a84b6585ba3d401b724d",
                "reference": "4ebe3a8bf773a19edfe0a84b6585ba3d401b724d",
                "shasum": ""
            },
            "require": {
                "php": ">=5.3.0"
            },
            "type": "library",
            "extra": {
                "branch-alias": {
                    "dev-master": "1.0.x-dev"
                }
            },
            "autoload": {
                "psr-4": {
                    "Psr\\Log\\": "Psr/Log/"
                }
            },
            "notification-url": "https://packagist.org/downloads/",
            "license": [
                "MIT"
            ],
            "authors": [
                {
                    "name": "PHP-FIG",
                    "homepage": "http://www.php-fig.org/"
                }
            ],
            "description": "Common interface for logging libraries",
            "homepage": "https://github.com/php-fig/log",
            "keywords": [
                "log",
                "psr",
                "psr-3"
            ],
            "time": "2016-10-10T12:19:37+00:00"
        },
        {
            "name": "swiftmailer/swiftmailer",
            "version": "v5.4.5",
            "source": {
                "type": "git",
                "url": "https://github.com/swiftmailer/swiftmailer.git",
                "reference": "cd142238a339459b10da3d8234220963f392540c"
            },
            "dist": {
                "type": "zip",
                "url": "https://api.github.com/repos/swiftmailer/swiftmailer/zipball/cd142238a339459b10da3d8234220963f392540c",
                "reference": "cd142238a339459b10da3d8234220963f392540c",
                "shasum": ""
            },
            "require": {
                "php": ">=5.3.3"
            },
            "require-dev": {
                "mockery/mockery": "~0.9.1",
                "symfony/phpunit-bridge": "~3.2"
            },
            "type": "library",
            "extra": {
                "branch-alias": {
                    "dev-master": "5.4-dev"
                }
            },
            "autoload": {
                "files": [
                    "lib/swift_required.php"
                ]
            },
            "notification-url": "https://packagist.org/downloads/",
            "license": [
                "MIT"
            ],
            "authors": [
                {
                    "name": "Chris Corbyn"
                },
                {
                    "name": "Fabien Potencier",
                    "email": "fabien@symfony.com"
                }
            ],
            "description": "Swiftmailer, free feature-rich PHP mailer",
            "homepage": "http://swiftmailer.org",
            "keywords": [
                "email",
                "mail",
                "mailer"
            ],
            "time": "2016-12-29T10:02:40+00:00"
        },
        {
            "name": "symfony/polyfill-mbstring",
            "version": "v1.3.0",
            "source": {
                "type": "git",
                "url": "https://github.com/symfony/polyfill-mbstring.git",
                "reference": "e79d363049d1c2128f133a2667e4f4190904f7f4"
            },
            "dist": {
                "type": "zip",
                "url": "https://api.github.com/repos/symfony/polyfill-mbstring/zipball/e79d363049d1c2128f133a2667e4f4190904f7f4",
                "reference": "e79d363049d1c2128f133a2667e4f4190904f7f4",
                "shasum": ""
            },
            "require": {
                "php": ">=5.3.3"
            },
            "suggest": {
                "ext-mbstring": "For best performance"
            },
            "type": "library",
            "extra": {
                "branch-alias": {
                    "dev-master": "1.3-dev"
                }
            },
            "autoload": {
                "psr-4": {
                    "Symfony\\Polyfill\\Mbstring\\": ""
                },
                "files": [
                    "bootstrap.php"
                ]
            },
            "notification-url": "https://packagist.org/downloads/",
            "license": [
                "MIT"
            ],
            "authors": [
                {
                    "name": "Nicolas Grekas",
                    "email": "p@tchwork.com"
                },
                {
                    "name": "Symfony Community",
                    "homepage": "https://symfony.com/contributors"
                }
            ],
            "description": "Symfony polyfill for the Mbstring extension",
            "homepage": "https://symfony.com",
            "keywords": [
                "compatibility",
                "mbstring",
                "polyfill",
                "portable",
                "shim"
            ],
            "time": "2016-11-14T01:06:16+00:00"
        },
        {
            "name": "symfony/translation",
            "version": "v3.2.1",
            "source": {
                "type": "git",
                "url": "https://github.com/symfony/translation.git",
                "reference": "5fd18eca88f4d187807a1eba083bc99feaa8635b"
            },
            "dist": {
                "type": "zip",
                "url": "https://api.github.com/repos/symfony/translation/zipball/5fd18eca88f4d187807a1eba083bc99feaa8635b",
                "reference": "5fd18eca88f4d187807a1eba083bc99feaa8635b",
                "shasum": ""
            },
            "require": {
                "php": ">=5.5.9",
                "symfony/polyfill-mbstring": "~1.0"
            },
            "conflict": {
                "symfony/config": "<2.8"
            },
            "require-dev": {
                "psr/log": "~1.0",
                "symfony/config": "~2.8|~3.0",
                "symfony/intl": "~2.8|~3.0",
                "symfony/yaml": "~2.8|~3.0"
            },
            "suggest": {
                "psr/log": "To use logging capability in translator",
                "symfony/config": "",
                "symfony/yaml": ""
            },
            "type": "library",
            "extra": {
                "branch-alias": {
                    "dev-master": "3.2-dev"
                }
            },
            "autoload": {
                "psr-4": {
                    "Symfony\\Component\\Translation\\": ""
                },
                "exclude-from-classmap": [
                    "/Tests/"
                ]
            },
            "notification-url": "https://packagist.org/downloads/",
            "license": [
                "MIT"
            ],
            "authors": [
                {
                    "name": "Fabien Potencier",
                    "email": "fabien@symfony.com"
                },
                {
                    "name": "Symfony Community",
                    "homepage": "https://symfony.com/contributors"
                }
            ],
            "description": "Symfony Translation Component",
            "homepage": "https://symfony.com",
            "time": "2016-11-30T14:40:17+00:00"
        },
        {
            "name": "zetacomponents/base",
            "version": "1.9",
            "source": {
                "type": "git",
                "url": "https://github.com/zetacomponents/Base.git",
                "reference": "f20df24e8de3e48b6b69b2503f917e457281e687"
            },
            "dist": {
                "type": "zip",
                "url": "https://api.github.com/repos/zetacomponents/Base/zipball/f20df24e8de3e48b6b69b2503f917e457281e687",
                "reference": "f20df24e8de3e48b6b69b2503f917e457281e687",
                "shasum": ""
            },
            "require-dev": {
                "zetacomponents/unit-test": "*"
            },
            "type": "library",
            "autoload": {
                "classmap": [
                    "src"
                ]
            },
            "notification-url": "https://packagist.org/downloads/",
            "license": [
                "Apache-2.0"
            ],
            "authors": [
                {
                    "name": "Sergey Alexeev"
                },
                {
                    "name": "Sebastian Bergmann"
                },
                {
                    "name": "Jan Borsodi"
                },
                {
                    "name": "Raymond Bosman"
                },
                {
                    "name": "Frederik Holljen"
                },
                {
                    "name": "Kore Nordmann"
                },
                {
                    "name": "Derick Rethans"
                },
                {
                    "name": "Vadym Savchuk"
                },
                {
                    "name": "Tobias Schlitt"
                },
                {
                    "name": "Alexandru Stanoi"
                }
            ],
            "description": "The Base package provides the basic infrastructure that all packages rely on. Therefore every component relies on this package.",
            "homepage": "https://github.com/zetacomponents",
            "time": "2014-09-19T03:28:34+00:00"
        },
        {
            "name": "zetacomponents/mail",
            "version": "1.8.1",
            "source": {
                "type": "git",
                "url": "https://github.com/zetacomponents/Mail.git",
                "reference": "33f0fce2c156b26a850d495a3b069ad1c1e40854"
            },
            "dist": {
                "type": "zip",
                "url": "https://api.github.com/repos/zetacomponents/Mail/zipball/33f0fce2c156b26a850d495a3b069ad1c1e40854",
                "reference": "33f0fce2c156b26a850d495a3b069ad1c1e40854",
                "shasum": ""
            },
            "require": {
                "zetacomponents/base": "~1.8"
            },
            "require-dev": {
                "zetacomponents/unit-test": "*"
            },
            "type": "library",
            "autoload": {
                "classmap": [
                    "src"
                ]
            },
            "notification-url": "https://packagist.org/downloads/",
            "license": [
                "Apache-2.0"
            ],
            "authors": [
                {
                    "name": "Sergey Alexeev"
                },
                {
                    "name": "Sebastian Bergmann"
                },
                {
                    "name": "Jan Borsodi"
                },
                {
                    "name": "Raymond Bosman"
                },
                {
                    "name": "Frederik Holljen"
                },
                {
                    "name": "Kore Nordmann"
                },
                {
                    "name": "Derick Rethans"
                },
                {
                    "name": "Vadym Savchuk"
                },
                {
                    "name": "Tobias Schlitt"
                },
                {
                    "name": "Alexandru Stanoi"
                },
                {
                    "name": "Christian Michel"
                },
                {
                    "name": "Sinisa Dukaric"
                },
                {
                    "name": "Mikko Koppanen"
                }
            ],
            "description": "The component allows you construct and/or parse Mail messages conforming to  the mail standard. It has support for attachments, multipart messages and HTML  mail. It also interfaces with SMTP to send mail or IMAP, POP3 or mbox to  retrieve e-mail.",
            "homepage": "https://github.com/zetacomponents",
            "time": "2014-11-04T10:14:21+00:00"
        }
    ],
    "packages-dev": [],
    "aliases": [],
    "minimum-stability": "stable",
    "stability-flags": [],
    "prefer-stable": false,
    "prefer-lowest": false,
    "platform": [],
    "platform-dev": [],
    "plugin-api-version": "2.3.0"
}
